
Microsoft Visual Studio Solution File, Format Version 12.00
# Visual Studio Version 17
VisualStudioVersion = 17.5.33424.131
MinimumVisualStudioVersion = 10.0.40219.1
Project("{FAE04EC0-301F-11D3-BF4B-00C04F79EFBC}") = "If-ElseIf-Ternary-If", "If-ElseIf-Ternary-If\If-ElseIf-Ternary-If.csproj", "{2CA853BB-27B9-4505-999E-10A53ECF457C}"
EndProject
Global
	GlobalSection(SolutionConfigurationPlatforms) = preSolution
		Debug|Any CPU = Debug|Any CPU
		Release|Any CPU = Release|Any CPU
	EndGlobalSection
	GlobalSection(ProjectConfigurationPlatforms) = postSolution
		{2CA853BB-27B9-4505-999E-10A53ECF457C}.Debug|Any CPU.ActiveCfg = Debug|Any CPU
		{2CA853BB-27B9-4505-999E-10A53ECF457C}.Debug|Any CPU.Build.0 = Debug|Any CPU
		{2CA853BB-27B9-4505-999E-10A53ECF457C}.Release|Any CPU.ActiveCfg = Release|Any CPU
		{2CA853BB-27B9-4505-999E-10A53ECF457C}.Release|Any CPU.Build.0 = Release|Any CPU
	EndGlobalSection
	GlobalSection(SolutionProperties) = preSolution
		HideSolutionNode = FALSE
	EndGlobalSection
	GlobalSection(ExtensibilityGlobals) = postSolution
		SolutionGuid = {E8172CF2-6802-4229-A9A5-FC71654527A0}
	EndGlobalSection
EndGlobal
