
Microsoft Visual Studio Solution File, Format Version 12.00
# Visual Studio Version 17
VisualStudioVersion = 17.5.33424.131
MinimumVisualStudioVersion = 10.0.40219.1
Project("{FAE04EC0-301F-11D3-BF4B-00C04F79EFBC}") = "Enum", "Enum\Enum.csproj", "{40641E8D-8C6D-4562-80A5-C0FFAB7AB40D}"
EndProject
Global
	GlobalSection(SolutionConfigurationPlatforms) = preSolution
		Debug|Any CPU = Debug|Any CPU
		Release|Any CPU = Release|Any CPU
	EndGlobalSection
	GlobalSection(ProjectConfigurationPlatforms) = postSolution
		{40641E8D-8C6D-4562-80A5-C0FFAB7AB40D}.Debug|Any CPU.ActiveCfg = Debug|Any CPU
		{40641E8D-8C6D-4562-80A5-C0FFAB7AB40D}.Debug|Any CPU.Build.0 = Debug|Any CPU
		{40641E8D-8C6D-4562-80A5-C0FFAB7AB40D}.Release|Any CPU.ActiveCfg = Release|Any CPU
		{40641E8D-8C6D-4562-80A5-C0FFAB7AB40D}.Release|Any CPU.Build.0 = Release|Any CPU
	EndGlobalSection
	GlobalSection(SolutionProperties) = preSolution
		HideSolutionNode = FALSE
	EndGlobalSection
	GlobalSection(ExtensibilityGlobals) = postSolution
		SolutionGuid = {0C8883C1-C8EB-451B-933A-4E04F1CA2DAB}
	EndGlobalSection
EndGlobal
