
Microsoft Visual Studio Solution File, Format Version 12.00
# Visual Studio Version 17
VisualStudioVersion = 17.5.33424.131
MinimumVisualStudioVersion = 10.0.40219.1
Project("{FAE04EC0-301F-11D3-BF4B-00C04F79EFBC}") = "InstanceFieldProperty", "InstanceFieldProperty\InstanceFieldProperty.csproj", "{A0389BAC-2727-4539-AF19-53FE8BABEA79}"
EndProject
Global
	GlobalSection(SolutionConfigurationPlatforms) = preSolution
		Debug|Any CPU = Debug|Any CPU
		Release|Any CPU = Release|Any CPU
	EndGlobalSection
	GlobalSection(ProjectConfigurationPlatforms) = postSolution
		{A0389BAC-2727-4539-AF19-53FE8BABEA79}.Debug|Any CPU.ActiveCfg = Debug|Any CPU
		{A0389BAC-2727-4539-AF19-53FE8BABEA79}.Debug|Any CPU.Build.0 = Debug|Any CPU
		{A0389BAC-2727-4539-AF19-53FE8BABEA79}.Release|Any CPU.ActiveCfg = Release|Any CPU
		{A0389BAC-2727-4539-AF19-53FE8BABEA79}.Release|Any CPU.Build.0 = Release|Any CPU
	EndGlobalSection
	GlobalSection(SolutionProperties) = preSolution
		HideSolutionNode = FALSE
	EndGlobalSection
	GlobalSection(ExtensibilityGlobals) = postSolution
		SolutionGuid = {029B0C70-9B81-48F6-B42D-49A4619ED040}
	EndGlobalSection
EndGlobal
