
Microsoft Visual Studio Solution File, Format Version 12.00
# Visual Studio Version 17
VisualStudioVersion = 17.5.33424.131
MinimumVisualStudioVersion = 10.0.40219.1
Project("{FAE04EC0-301F-11D3-BF4B-00C04F79EFBC}") = "DeclaringAccessingAndUsingArraysWithLoops", "DeclaringAccessingAndUsingArraysWithLoops\DeclaringAccessingAndUsingArraysWithLoops.csproj", "{8931C5C2-1F27-4CC9-8EDE-56C9F773C225}"
EndProject
Global
	GlobalSection(SolutionConfigurationPlatforms) = preSolution
		Debug|Any CPU = Debug|Any CPU
		Release|Any CPU = Release|Any CPU
	EndGlobalSection
	GlobalSection(ProjectConfigurationPlatforms) = postSolution
		{8931C5C2-1F27-4CC9-8EDE-56C9F773C225}.Debug|Any CPU.ActiveCfg = Debug|Any CPU
		{8931C5C2-1F27-4CC9-8EDE-56C9F773C225}.Debug|Any CPU.Build.0 = Debug|Any CPU
		{8931C5C2-1F27-4CC9-8EDE-56C9F773C225}.Release|Any CPU.ActiveCfg = Release|Any CPU
		{8931C5C2-1F27-4CC9-8EDE-56C9F773C225}.Release|Any CPU.Build.0 = Release|Any CPU
	EndGlobalSection
	GlobalSection(SolutionProperties) = preSolution
		HideSolutionNode = FALSE
	EndGlobalSection
	GlobalSection(ExtensibilityGlobals) = postSolution
		SolutionGuid = {D4835E1F-B544-462E-9661-AE401EEBBDC7}
	EndGlobalSection
EndGlobal
